
Microsoft Visual Studio Solution File, Format Version 12.00
# Visual Studio Version 17
VisualStudioVersion = 17.13.35825.156
MinimumVisualStudioVersion = 10.0.40219.1
Project("{FAE04EC0-301F-11D3-BF4B-00C04F79EFBC}") = "CMCSPrototype", "CMCSPrototype\CMCSPrototype.csproj", "{7E408D06-9F1F-4838-89E5-93C50583C684}"
EndProject
Project("{FAE04EC0-301F-11D3-BF4B-00C04F79EFBC}") = "CMCSPrototype.Tests", "CMCSPrototype.Tests\CMCSPrototype.Tests.csproj", "{A0D362FD-C2BE-47B6-AFAB-DE60AF662547}"
EndProject
Global
	GlobalSection(SolutionConfigurationPlatforms) = preSolution
		Debug|Any CPU = Debug|Any CPU
		Release|Any CPU = Release|Any CPU
	EndGlobalSection
	GlobalSection(ProjectConfigurationPlatforms) = postSolution
		{7E408D06-9F1F-4838-89E5-93C50583C684}.Debug|Any CPU.ActiveCfg = Debug|Any CPU
		{7E408D06-9F1F-4838-89E5-93C50583C684}.Debug|Any CPU.Build.0 = Debug|Any CPU
		{7E408D06-9F1F-4838-89E5-93C50583C684}.Release|Any CPU.ActiveCfg = Release|Any CPU
		{7E408D06-9F1F-4838-89E5-93C50583C684}.Release|Any CPU.Build.0 = Release|Any CPU
		{A0D362FD-C2BE-47B6-AFAB-DE60AF662547}.Debug|Any CPU.ActiveCfg = Debug|Any CPU
		{A0D362FD-C2BE-47B6-AFAB-DE60AF662547}.Debug|Any CPU.Build.0 = Debug|Any CPU
		{A0D362FD-C2BE-47B6-AFAB-DE60AF662547}.Release|Any CPU.ActiveCfg = Release|Any CPU
		{A0D362FD-C2BE-47B6-AFAB-DE60AF662547}.Release|Any CPU.Build.0 = Release|Any CPU
	EndGlobalSection
	GlobalSection(SolutionProperties) = preSolution
		HideSolutionNode = FALSE
	EndGlobalSection
	GlobalSection(ExtensibilityGlobals) = postSolution
		SolutionGuid = {FC3A7093-2A4C-4866-91C5-9A847B7B803C}
	EndGlobalSection
EndGlobal
